// !$*UTF8*$!
{
	archiveVersion = 1;
	classes = {
	};
	objectVersion = 55;
	objects = {

/* Begin PBXBuildFile section */
		5FC5D97127FB698F001CEEE5 /* AppDelegate.swift in Sources */ = {isa = PBXBuildFile; fileRef = 5FC5D97027FB698F001CEEE5 /* AppDelegate.swift */; };
		5FC5D97327FB698F001CEEE5 /* SceneDelegate.swift in Sources */ = {isa = PBXBuildFile; fileRef = 5FC5D97227FB698F001CEEE5 /* SceneDelegate.swift */; };
		5FC5D97527FB698F001CEEE5 /* ViewController.swift in Sources */ = {isa = PBXBuildFile; fileRef = 5FC5D97427FB698F001CEEE5 /* ViewController.swift */; };
		5FC5D97827FB698F001CEEE5 /* Main.storyboard in Resources */ = {isa = PBXBuildFile; fileRef = 5FC5D97627FB698F001CEEE5 /* Main.storyboard */; };
		5FC5D97A27FB6993001CEEE5 /* Assets.xcassets in Resources */ = {isa = PBXBuildFile; fileRef = 5FC5D97927FB6993001CEEE5 /* Assets.xcassets */; };
		5FC5D97D27FB6993001CEEE5 /* LaunchScreen.storyboard in Resources */ = {isa = PBXBuildFile; fileRef = 5FC5D97B27FB6993001CEEE5 /* LaunchScreen.storyboard */; };
		5FC5D98827FB6993001CEEE5 /* Film_LibraryTests.swift in Sources */ = {isa = PBXBuildFile; fileRef = 5FC5D98727FB6993001CEEE5 /* Film_LibraryTests.swift */; };
		5FC5D99227FB6993001CEEE5 /* Film_LibraryUITests.swift in Sources */ = {isa = PBXBuildFile; fileRef = 5FC5D99127FB6993001CEEE5 /* Film_LibraryUITests.swift */; };
		5FC5D99427FB6993001CEEE5 /* Film_LibraryUITestsLaunchTests.swift in Sources */ = {isa = PBXBuildFile; fileRef = 5FC5D99327FB6993001CEEE5 /* Film_LibraryUITestsLaunchTests.swift */; };
		5FC5D9A227FB6C09001CEEE5 /* Films.swift in Sources */ = {isa = PBXBuildFile; fileRef = 5FC5D9A127FB6C09001CEEE5 /* Films.swift */; };
		5FC5D9A727FB6DAD001CEEE5 /* DataManager.swift in Sources */ = {isa = PBXBuildFile; fileRef = 5FC5D9A627FB6DAD001CEEE5 /* DataManager.swift */; };
		5FC5D9A927FB6DBF001CEEE5 /* NetworkManager.swift in Sources */ = {isa = PBXBuildFile; fileRef = 5FC5D9A827FB6DBF001CEEE5 /* NetworkManager.swift */; };
		5FC5D9AB27FB6DD7001CEEE5 /* ImageManager.swift in Sources */ = {isa = PBXBuildFile; fileRef = 5FC5D9AA27FB6DD7001CEEE5 /* ImageManager.swift */; };
		5FC5D9AD27FB70B9001CEEE5 /* FilmListViewController.swift in Sources */ = {isa = PBXBuildFile; fileRef = 5FC5D9AC27FB70B9001CEEE5 /* FilmListViewController.swift */; };
/* End PBXBuildFile section */

/* Begin PBXContainerItemProxy section */
		5FC5D98427FB6993001CEEE5 /* PBXContainerItemProxy */ = {
			isa = PBXContainerItemProxy;
			containerPortal = 5FC5D96527FB698F001CEEE5 /* Project object */;
			proxyType = 1;
			remoteGlobalIDString = 5FC5D96C27FB698F001CEEE5;
			remoteInfo = Film_Library;
		};
		5FC5D98E27FB6993001CEEE5 /* PBXContainerItemProxy */ = {
			isa = PBXContainerItemProxy;
			containerPortal = 5FC5D96527FB698F001CEEE5 /* Project object */;
			proxyType = 1;
			remoteGlobalIDString = 5FC5D96C27FB698F001CEEE5;
			remoteInfo = Film_Library;
		};
/* End PBXContainerItemProxy section */

/* Begin PBXFileReference section */
		5FC5D96D27FB698F001CEEE5 /* Film_Library.app */ = {isa = PBXFileReference; explicitFileType = wrapper.application; includeInIndex = 0; path = Film_Library.app; sourceTree = BUILT_PRODUCTS_DIR; };
		5FC5D97027FB698F001CEEE5 /* AppDelegate.swift */ = {isa = PBXFileReference; lastKnownFileType = sourcecode.swift; path = AppDelegate.swift; sourceTree = "<group>"; };
		5FC5D97227FB698F001CEEE5 /* SceneDelegate.swift */ = {isa = PBXFileReference; lastKnownFileType = sourcecode.swift; path = SceneDelegate.swift; sourceTree = "<group>"; };
		5FC5D97427FB698F001CEEE5 /* ViewController.swift */ = {isa = PBXFileReference; lastKnownFileType = sourcecode.swift; path = ViewController.swift; sourceTree = "<group>"; };
		5FC5D97727FB698F001CEEE5 /* Base */ = {isa = PBXFileReference; lastKnownFileType = file.storyboard; name = Base; path = Base.lproj/Main.storyboard; sourceTree = "<group>"; };
		5FC5D97927FB6993001CEEE5 /* Assets.xcassets */ = {isa = PBXFileReference; lastKnownFileType = folder.assetcatalog; path = Assets.xcassets; sourceTree = "<group>"; };
		5FC5D97C27FB6993001CEEE5 /* Base */ = {isa = PBXFileReference; lastKnownFileType = file.storyboard; name = Base; path = Base.lproj/LaunchScreen.storyboard; sourceTree = "<group>"; };
		5FC5D97E27FB6993001CEEE5 /* Info.plist */ = {isa = PBXFileReference; lastKnownFileType = text.plist.xml; path = Info.plist; sourceTree = "<group>"; };
		5FC5D98327FB6993001CEEE5 /* Film_LibraryTests.xctest */ = {isa = PBXFileReference; explicitFileType = wrapper.cfbundle; includeInIndex = 0; path = Film_LibraryTests.xctest; sourceTree = BUILT_PRODUCTS_DIR; };
		5FC5D98727FB6993001CEEE5 /* Film_LibraryTests.swift */ = {isa = PBXFileReference; lastKnownFileType = sourcecode.swift; path = Film_LibraryTests.swift; sourceTree = "<group>"; };
		5FC5D98D27FB6993001CEEE5 /* Film_LibraryUITests.xctest */ = {isa = PBXFileReference; explicitFileType = wrapper.cfbundle; includeInIndex = 0; path = Film_LibraryUITests.xctest; sourceTree = BUILT_PRODUCTS_DIR; };
		5FC5D99127FB6993001CEEE5 /* Film_LibraryUITests.swift */ = {isa = PBXFileReference; lastKnownFileType = sourcecode.swift; path = Film_LibraryUITests.swift; sourceTree = "<group>"; };
		5FC5D99327FB6993001CEEE5 /* Film_LibraryUITestsLaunchTests.swift */ = {isa = PBXFileReference; lastKnownFileType = sourcecode.swift; path = Film_LibraryUITestsLaunchTests.swift; sourceTree = "<group>"; };
		5FC5D9A127FB6C09001CEEE5 /* Films.swift */ = {isa = PBXFileReference; lastKnownFileType = sourcecode.swift; path = Films.swift; sourceTree = SOURCE_ROOT; };
		5FC5D9A627FB6DAD001CEEE5 /* DataManager.swift */ = {isa = PBXFileReference; lastKnownFileType = sourcecode.swift; path = DataManager.swift; sourceTree = "<group>"; };
		5FC5D9A827FB6DBF001CEEE5 /* NetworkManager.swift */ = {isa = PBXFileReference; lastKnownFileType = sourcecode.swift; path = NetworkManager.swift; sourceTree = "<group>"; };
		5FC5D9AA27FB6DD7001CEEE5 /* ImageManager.swift */ = {isa = PBXFileReference; lastKnownFileType = sourcecode.swift; path = ImageManager.swift; sourceTree = "<group>"; };
		5FC5D9AC27FB70B9001CEEE5 /* FilmListViewController.swift */ = {isa = PBXFileReference; lastKnownFileType = sourcecode.swift; path = FilmListViewController.swift; sourceTree = "<group>"; };
/* End PBXFileReference section */

/* Begin PBXFrameworksBuildPhase section */
		5FC5D96A27FB698F001CEEE5 /* Frameworks */ = {
			isa = PBXFrameworksBuildPhase;
			buildActionMask = 2147483647;
			files = (
			);
			runOnlyForDeploymentPostprocessing = 0;
		};
		5FC5D98027FB6993001CEEE5 /* Frameworks */ = {
			isa = PBXFrameworksBuildPhase;
			buildActionMask = 2147483647;
			files = (
			);
			runOnlyForDeploymentPostprocessing = 0;
		};
		5FC5D98A27FB6993001CEEE5 /* Frameworks */ = {
			isa = PBXFrameworksBuildPhase;
			buildActionMask = 2147483647;
			files = (
			);
			runOnlyForDeploymentPostprocessing = 0;
		};
/* End PBXFrameworksBuildPhase section */

/* Begin PBXGroup section */
		5FC5D96427FB698F001CEEE5 = {
			isa = PBXGroup;
			children = (
				5FC5D96F27FB698F001CEEE5 /* Film_Library */,
				5FC5D98627FB6993001CEEE5 /* Film_LibraryTests */,
				5FC5D99027FB6993001CEEE5 /* Film_LibraryUITests */,
				5FC5D96E27FB698F001CEEE5 /* Products */,
			);
			sourceTree = "<group>";
		};
		5FC5D96E27FB698F001CEEE5 /* Products */ = {
			isa = PBXGroup;
			children = (
				5FC5D96D27FB698F001CEEE5 /* Film_Library.app */,
				5FC5D98327FB6993001CEEE5 /* Film_LibraryTests.xctest */,
				5FC5D98D27FB6993001CEEE5 /* Film_LibraryUITests.xctest */,
			);
			name = Products;
			sourceTree = "<group>";
		};
		5FC5D96F27FB698F001CEEE5 /* Film_Library */ = {
			isa = PBXGroup;
			children = (
				5FC5D97027FB698F001CEEE5 /* AppDelegate.swift */,
				5FC5D97227FB698F001CEEE5 /* SceneDelegate.swift */,
				5FC5D9A427FB6CF6001CEEE5 /* FilmList */,
				5FC5D9A527FB6D86001CEEE5 /* Services */,
				5FC5D9A027FB6BD6001CEEE5 /* Models */,
				5FC5D9A327FB6CE0001CEEE5 /* Storyboard */,
				5FC5D97927FB6993001CEEE5 /* Assets.xcassets */,
				5FC5D97E27FB6993001CEEE5 /* Info.plist */,
			);
			path = Film_Library;
			sourceTree = "<group>";
		};
		5FC5D98627FB6993001CEEE5 /* Film_LibraryTests */ = {
			isa = PBXGroup;
			children = (
				5FC5D98727FB6993001CEEE5 /* Film_LibraryTests.swift */,
			);
			path = Film_LibraryTests;
			sourceTree = "<group>";
		};
		5FC5D99027FB6993001CEEE5 /* Film_LibraryUITests */ = {
			isa = PBXGroup;
			children = (
				5FC5D99127FB6993001CEEE5 /* Film_LibraryUITests.swift */,
				5FC5D99327FB6993001CEEE5 /* Film_LibraryUITestsLaunchTests.swift */,
			);
			path = Film_LibraryUITests;
			sourceTree = "<group>";
		};
		5FC5D9A027FB6BD6001CEEE5 /* Models */ = {
			isa = PBXGroup;
			children = (
				5FC5D9A127FB6C09001CEEE5 /* Films.swift */,
			);
			path = Models;
			sourceTree = "<group>";
		};
		5FC5D9A327FB6CE0001CEEE5 /* Storyboard */ = {
			isa = PBXGroup;
			children = (
				5FC5D97627FB698F001CEEE5 /* Main.storyboard */,
				5FC5D97B27FB6993001CEEE5 /* LaunchScreen.storyboard */,
			);
			path = Storyboard;
			sourceTree = "<group>";
		};
		5FC5D9A427FB6CF6001CEEE5 /* FilmList */ = {
			isa = PBXGroup;
			children = (
				5FC5D97427FB698F001CEEE5 /* ViewController.swift */,
				5FC5D9AC27FB70B9001CEEE5 /* FilmListViewController.swift */,
			);
			path = FilmList;
			sourceTree = "<group>";
		};
		5FC5D9A527FB6D86001CEEE5 /* Services */ = {
			isa = PBXGroup;
			children = (
				5FC5D9A627FB6DAD001CEEE5 /* DataManager.swift */,
				5FC5D9A827FB6DBF001CEEE5 /* NetworkManager.swift */,
				5FC5D9AA27FB6DD7001CEEE5 /* ImageManager.swift */,
			);
			path = Services;
			sourceTree = "<group>";
		};
/* End PBXGroup section */

/* Begin PBXNativeTarget section */
		5FC5D96C27FB698F001CEEE5 /* Film_Library */ = {
			isa = PBXNativeTarget;
			buildConfigurationList = 5FC5D99727FB6993001CEEE5 /* Build configuration list for PBXNativeTarget "Film_Library" */;
			buildPhases = (
				5FC5D96927FB698F001CEEE5 /* Sources */,
				5FC5D96A27FB698F001CEEE5 /* Frameworks */,
				5FC5D96B27FB698F001CEEE5 /* Resources */,
			);
			buildRules = (
			);
			dependencies = (
			);
			name = Film_Library;
			productName = Film_Library;
			productReference = 5FC5D96D27FB698F001CEEE5 /* Film_Library.app */;
			productType = "com.apple.product-type.application";
		};
		5FC5D98227FB6993001CEEE5 /* Film_LibraryTests */ = {
			isa = PBXNativeTarget;
			buildConfigurationList = 5FC5D99A27FB6993001CEEE5 /* Build configuration list for PBXNativeTarget "Film_LibraryTests" */;
			buildPhases = (
				5FC5D97F27FB6993001CEEE5 /* Sources */,
				5FC5D98027FB6993001CEEE5 /* Frameworks */,
				5FC5D98127FB6993001CEEE5 /* Resources */,
			);
			buildRules = (
			);
			dependencies = (
				5FC5D98527FB6993001CEEE5 /* PBXTargetDependency */,
			);
			name = Film_LibraryTests;
			productName = Film_LibraryTests;
			productReference = 5FC5D98327FB6993001CEEE5 /* Film_LibraryTests.xctest */;
			productType = "com.apple.product-type.bundle.unit-test";
		};
		5FC5D98C27FB6993001CEEE5 /* Film_LibraryUITests */ = {
			isa = PBXNativeTarget;
			buildConfigurationList = 5FC5D99D27FB6993001CEEE5 /* Build configuration list for PBXNativeTarget "Film_LibraryUITests" */;
			buildPhases = (
				5FC5D98927FB6993001CEEE5 /* Sources */,
				5FC5D98A27FB6993001CEEE5 /* Frameworks */,
				5FC5D98B27FB6993001CEEE5 /* Resources */,
			);
			buildRules = (
			);
			dependencies = (
				5FC5D98F27FB6993001CEEE5 /* PBXTargetDependency */,
			);
			name = Film_LibraryUITests;
			productName = Film_LibraryUITests;
			productReference = 5FC5D98D27FB6993001CEEE5 /* Film_LibraryUITests.xctest */;
			productType = "com.apple.product-type.bundle.ui-testing";
		};
/* End PBXNativeTarget section */

/* Begin PBXProject section */
		5FC5D96527FB698F001CEEE5 /* Project object */ = {
			isa = PBXProject;
			attributes = {
				BuildIndependentTargetsInParallel = 1;
				LastSwiftUpdateCheck = 1320;
				LastUpgradeCheck = 1320;
				TargetAttributes = {
					5FC5D96C27FB698F001CEEE5 = {
						CreatedOnToolsVersion = 13.2.1;
					};
					5FC5D98227FB6993001CEEE5 = {
						CreatedOnToolsVersion = 13.2.1;
						TestTargetID = 5FC5D96C27FB698F001CEEE5;
					};
					5FC5D98C27FB6993001CEEE5 = {
						CreatedOnToolsVersion = 13.2.1;
						TestTargetID = 5FC5D96C27FB698F001CEEE5;
					};
				};
			};
			buildConfigurationList = 5FC5D96827FB698F001CEEE5 /* Build configuration list for PBXProject "Film_Library" */;
			compatibilityVersion = "Xcode 13.0";
			developmentRegion = en;
			hasScannedForEncodings = 0;
			knownRegions = (
				en,
				Base,
			);
			mainGroup = 5FC5D96427FB698F001CEEE5;
			productRefGroup = 5FC5D96E27FB698F001CEEE5 /* Products */;
			projectDirPath = "";
			projectRoot = "";
			targets = (
				5FC5D96C27FB698F001CEEE5 /* Film_Library */,
				5FC5D98227FB6993001CEEE5 /* Film_LibraryTests */,
				5FC5D98C27FB6993001CEEE5 /* Film_LibraryUITests */,
			);
		};
/* End PBXProject section */

/* Begin PBXResourcesBuildPhase section */
		5FC5D96B27FB698F001CEEE5 /* Resources */ = {
			isa = PBXResourcesBuildPhase;
			buildActionMask = 2147483647;
			files = (
				5FC5D97D27FB6993001CEEE5 /* LaunchScreen.storyboard in Resources */,
				5FC5D97A27FB6993001CEEE5 /* Assets.xcassets in Resources */,
				5FC5D97827FB698F001CEEE5 /* Main.storyboard in Resources */,
			);
			runOnlyForDeploymentPostprocessing = 0;
		};
		5FC5D98127FB6993001CEEE5 /* Resources */ = {
			isa = PBXResourcesBuildPhase;
			buildActionMask = 2147483647;
			files = (
			);
			runOnlyForDeploymentPostprocessing = 0;
		};
		5FC5D98B27FB6993001CEEE5 /* Resources */ = {
			isa = PBXResourcesBuildPhase;
			buildActionMask = 2147483647;
			files = (
			);
			runOnlyForDeploymentPostprocessing = 0;
		};
/* End PBXResourcesBuildPhase section */

/* Begin PBXSourcesBuildPhase section */
		5FC5D96927FB698F001CEEE5 /* Sources */ = {
			isa = PBXSourcesBuildPhase;
			buildActionMask = 2147483647;
			files = (
				5FC5D9A927FB6DBF001CEEE5 /* NetworkManager.swift in Sources */,
				5FC5D97527FB698F001CEEE5 /* ViewController.swift in Sources */,
				5FC5D9AD27FB70B9001CEEE5 /* FilmListViewController.swift in Sources */,
				5FC5D9AB27FB6DD7001CEEE5 /* ImageManager.swift in Sources */,
				5FC5D9A727FB6DAD001CEEE5 /* DataManager.swift in Sources */,
				5FC5D9A227FB6C09001CEEE5 /* Films.swift in Sources */,
				5FC5D97127FB698F001CEEE5 /* AppDelegate.swift in Sources */,
				5FC5D97327FB698F001CEEE5 /* SceneDelegate.swift in Sources */,
			);
			runOnlyForDeploymentPostprocessing = 0;
		};
		5FC5D97F27FB6993001CEEE5 /* Sources */ = {
			isa = PBXSourcesBuildPhase;
			buildActionMask = 2147483647;
			files = (
				5FC5D98827FB6993001CEEE5 /* Film_LibraryTests.swift in Sources */,
			);
			runOnlyForDeploymentPostprocessing = 0;
		};
		5FC5D98927FB6993001CEEE5 /* Sources */ = {
			isa = PBXSourcesBuildPhase;
			buildActionMask = 2147483647;
			files = (
				5FC5D99427FB6993001CEEE5 /* Film_LibraryUITestsLaunchTests.swift in Sources */,
				5FC5D99227FB6993001CEEE5 /* Film_LibraryUITests.swift in Sources */,
			);
			runOnlyForDeploymentPostprocessing = 0;
		};
/* End PBXSourcesBuildPhase section */

/* Begin PBXTargetDependency section */
		5FC5D98527FB6993001CEEE5 /* PBXTargetDependency */ = {
			isa = PBXTargetDependency;
			target = 5FC5D96C27FB698F001CEEE5 /* Film_Library */;
			targetProxy = 5FC5D98427FB6993001CEEE5 /* PBXContainerItemProxy */;
		};
		5FC5D98F27FB6993001CEEE5 /* PBXTargetDependency */ = {
			isa = PBXTargetDependency;
			target = 5FC5D96C27FB698F001CEEE5 /* Film_Library */;
			targetProxy = 5FC5D98E27FB6993001CEEE5 /* PBXContainerItemProxy */;
		};
/* End PBXTargetDependency section */

/* Begin PBXVariantGroup section */
		5FC5D97627FB698F001CEEE5 /* Main.storyboard */ = {
			isa = PBXVariantGroup;
			children = (
				5FC5D97727FB698F001CEEE5 /* Base */,
			);
			name = Main.storyboard;
			sourceTree = "<group>";
		};
		5FC5D97B27FB6993001CEEE5 /* LaunchScreen.storyboard */ = {
			isa = PBXVariantGroup;
			children = (
				5FC5D97C27FB6993001CEEE5 /* Base */,
			);
			name = LaunchScreen.storyboard;
			sourceTree = "<group>";
		};
/* End PBXVariantGroup section */

/* Begin XCBuildConfiguration section */
		5FC5D99527FB6993001CEEE5 /* Debug */ = {
			isa = XCBuildConfiguration;
			buildSettings = {
				ALWAYS_SEARCH_USER_PATHS = NO;
				CLANG_ANALYZER_NONNULL = YES;
				CLANG_ANALYZER_NUMBER_OBJECT_CONVERSION = YES_AGGRESSIVE;
				CLANG_CXX_LANGUAGE_STANDARD = "gnu++17";
				CLANG_CXX_LIBRARY = "libc++";
				CLANG_ENABLE_MODULES = YES;
				CLANG_ENABLE_OBJC_ARC = YES;
				CLANG_ENABLE_OBJC_WEAK = YES;
				CLANG_WARN_BLOCK_CAPTURE_AUTORELEASING = YES;
				CLANG_WARN_BOOL_CONVERSION = YES;
				CLANG_WARN_COMMA = YES;
				CLANG_WARN_CONSTANT_CONVERSION = YES;
				CLANG_WARN_DEPRECATED_OBJC_IMPLEMENTATIONS = YES;
				CLANG_WARN_DIRECT_OBJC_ISA_USAGE = YES_ERROR;
				CLANG_WARN_DOCUMENTATION_COMMENTS = YES;
				CLANG_WARN_EMPTY_BODY = YES;
				CLANG_WARN_ENUM_CONVERSION = YES;
				CLANG_WARN_INFINITE_RECURSION = YES;
				CLANG_WARN_INT_CONVERSION = YES;
				CLANG_WARN_NON_LITERAL_NULL_CONVERSION = YES;
				CLANG_WARN_OBJC_IMPLICIT_RETAIN_SELF = YES;
				CLANG_WARN_OBJC_LITERAL_CONVERSION = YES;
				CLANG_WARN_OBJC_ROOT_CLASS = YES_ERROR;
				CLANG_WARN_QUOTED_INCLUDE_IN_FRAMEWORK_HEADER = YES;
				CLANG_WARN_RANGE_LOOP_ANALYSIS = YES;
				CLANG_WARN_STRICT_PROTOTYPES = YES;
				CLANG_WARN_SUSPICIOUS_MOVE = YES;
				CLANG_WARN_UNGUARDED_AVAILABILITY = YES_AGGRESSIVE;
				CLANG_WARN_UNREACHABLE_CODE = YES;
				CLANG_WARN__DUPLICATE_METHOD_MATCH = YES;
				COPY_PHASE_STRIP = NO;
				DEBUG_INFORMATION_FORMAT = dwarf;
				ENABLE_STRICT_OBJC_MSGSEND = YES;
				ENABLE_TESTABILITY = YES;
				GCC_C_LANGUAGE_STANDARD = gnu11;
				GCC_DYNAMIC_NO_PIC = NO;
				GCC_NO_COMMON_BLOCKS = YES;
				GCC_OPTIMIZATION_LEVEL = 0;
				GCC_PREPROCESSOR_DEFINITIONS = (
					"DEBUG=1",
					"$(inherited)",
				);
				GCC_WARN_64_TO_32_BIT_CONVERSION = YES;
				GCC_WARN_ABOUT_RETURN_TYPE = YES_ERROR;
				GCC_WARN_UNDECLARED_SELECTOR = YES;
				GCC_WARN_UNINITIALIZED_AUTOS = YES_AGGRESSIVE;
				GCC_WARN_UNUSED_FUNCTION = YES;
				GCC_WARN_UNUSED_VARIABLE = YES;
				IPHONEOS_DEPLOYMENT_TARGET = 15.2;
				MTL_ENABLE_DEBUG_INFO = INCLUDE_SOURCE;
				MTL_FAST_MATH = YES;
				ONLY_ACTIVE_ARCH = YES;
				SDKROOT = iphoneos;
				SWIFT_ACTIVE_COMPILATION_CONDITIONS = DEBUG;
				SWIFT_OPTIMIZATION_LEVEL = "-Onone";
			};
			name = Debug;
		};
		5FC5D99627FB6993001CEEE5 /* Release */ = {
			isa = XCBuildConfiguration;
			buildSettings = {
				ALWAYS_SEARCH_USER_PATHS = NO;
				CLANG_ANALYZER_NONNULL = YES;
				CLANG_ANALYZER_NUMBER_OBJECT_CONVERSION = YES_AGGRESSIVE;
				CLANG_CXX_LANGUAGE_STANDARD = "gnu++17";
				CLANG_CXX_LIBRARY = "libc++";
				CLANG_ENABLE_MODULES = YES;
				CLANG_ENABLE_OBJC_ARC = YES;
				CLANG_ENABLE_OBJC_WEAK = YES;
				CLANG_WARN_BLOCK_CAPTURE_AUTORELEASING = YES;
				CLANG_WARN_BOOL_CONVERSION = YES;
				CLANG_WARN_COMMA = YES;
				CLANG_WARN_CONSTANT_CONVERSION = YES;
				CLANG_WARN_DEPRECATED_OBJC_IMPLEMENTATIONS = YES;
				CLANG_WARN_DIRECT_OBJC_ISA_USAGE = YES_ERROR;
				CLANG_WARN_DOCUMENTATION_COMMENTS = YES;
				CLANG_WARN_EMPTY_BODY = YES;
				CLANG_WARN_ENUM_CONVERSION = YES;
				CLANG_WARN_INFINITE_RECURSION = YES;
				CLANG_WARN_INT_CONVERSION = YES;
				CLANG_WARN_NON_LITERAL_NULL_CONVERSION = YES;
				CLANG_WARN_OBJC_IMPLICIT_RETAIN_SELF = YES;
				CLANG_WARN_OBJC_LITERAL_CONVERSION = YES;
				CLANG_WARN_OBJC_ROOT_CLASS = YES_ERROR;
				CLANG_WARN_QUOTED_INCLUDE_IN_FRAMEWORK_HEADER = YES;
				CLANG_WARN_RANGE_LOOP_ANALYSIS = YES;
				CLANG_WARN_STRICT_PROTOTYPES = YES;
				CLANG_WARN_SUSPICIOUS_MOVE = YES;
				CLANG_WARN_UNGUARDED_AVAILABILITY = YES_AGGRESSIVE;
				CLANG_WARN_UNREACHABLE_CODE = YES;
				CLANG_WARN__DUPLICATE_METHOD_MATCH = YES;
				COPY_PHASE_STRIP = NO;
				DEBUG_INFORMATION_FORMAT = "dwarf-with-dsym";
				ENABLE_NS_ASSERTIONS = NO;
				ENABLE_STRICT_OBJC_MSGSEND = YES;
				GCC_C_LANGUAGE_STANDARD = gnu11;
				GCC_NO_COMMON_BLOCKS = YES;
				GCC_WARN_64_TO_32_BIT_CONVERSION = YES;
				GCC_WARN_ABOUT_RETURN_TYPE = YES_ERROR;
				GCC_WARN_UNDECLARED_SELECTOR = YES;
				GCC_WARN_UNINITIALIZED_AUTOS = YES_AGGRESSIVE;
				GCC_WARN_UNUSED_FUNCTION = YES;
				GCC_WARN_UNUSED_VARIABLE = YES;
				IPHONEOS_DEPLOYMENT_TARGET = 15.2;
				MTL_ENABLE_DEBUG_INFO = NO;
				MTL_FAST_MATH = YES;
				SDKROOT = iphoneos;
				SWIFT_COMPILATION_MODE = wholemodule;
				SWIFT_OPTIMIZATION_LEVEL = "-O";
				VALIDATE_PRODUCT = YES;
			};
			name = Release;
		};
		5FC5D99827FB6993001CEEE5 /* Debug */ = {
			isa = XCBuildConfiguration;
			buildSettings = {
				ASSETCATALOG_COMPILER_APPICON_NAME = AppIcon;
				ASSETCATALOG_COMPILER_GLOBAL_ACCENT_COLOR_NAME = AccentColor;
				CODE_SIGN_STYLE = Automatic;
				CURRENT_PROJECT_VERSION = 1;
				DEVELOPMENT_TEAM = 8JUQRQTM2T;
				GENERATE_INFOPLIST_FILE = YES;
				INFOPLIST_FILE = Film_Library/Info.plist;
				INFOPLIST_KEY_UIApplicationSupportsIndirectInputEvents = YES;
				INFOPLIST_KEY_UILaunchStoryboardName = LaunchScreen;
				INFOPLIST_KEY_UIMainStoryboardFile = Main;
				INFOPLIST_KEY_UISupportedInterfaceOrientations_iPad = "UIInterfaceOrientationPortrait UIInterfaceOrientationPortraitUpsideDown UIInterfaceOrientationLandscapeLeft UIInterfaceOrientationLandscapeRight";
				INFOPLIST_KEY_UISupportedInterfaceOrientations_iPhone = "UIInterfaceOrientationPortrait UIInterfaceOrientationLandscapeLeft UIInterfaceOrientationLandscapeRight";
				LD_RUNPATH_SEARCH_PATHS = (
					"$(inherited)",
					"@executable_path/Frameworks",
				);
				MARKETING_VERSION = 1.0;
				PRODUCT_BUNDLE_IDENTIFIER = "chop.Film-Library";
				PRODUCT_NAME = "$(TARGET_NAME)";
				SWIFT_EMIT_LOC_STRINGS = YES;
				SWIFT_VERSION = 5.0;
				TARGETED_DEVICE_FAMILY = "1,2";
			};
			name = Debug;
		};
		5FC5D99927FB6993001CEEE5 /* Release */ = {
			isa = XCBuildConfiguration;
			buildSettings = {
				ASSETCATALOG_COMPILER_APPICON_NAME = AppIcon;
				ASSETCATALOG_COMPILER_GLOBAL_ACCENT_COLOR_NAME = AccentColor;
				CODE_SIGN_STYLE = Automatic;
				CURRENT_PROJECT_VERSION = 1;
				DEVELOPMENT_TEAM = 8JUQRQTM2T;
				GENERATE_INFOPLIST_FILE = YES;
				INFOPLIST_FILE = Film_Library/Info.plist;
				INFOPLIST_KEY_UIApplicationSupportsIndirectInputEvents = YES;
				INFOPLIST_KEY_UILaunchStoryboardName = LaunchScreen;
				INFOPLIST_KEY_UIMainStoryboardFile = Main;
				INFOPLIST_KEY_UISupportedInterfaceOrientations_iPad = "UIInterfaceOrientationPortrait UIInterfaceOrientationPortraitUpsideDown UIInterfaceOrientationLandscapeLeft UIInterfaceOrientationLandscapeRight";
				INFOPLIST_KEY_UISupportedInterfaceOrientations_iPhone = "UIInterfaceOrientationPortrait UIInterfaceOrientationLandscapeLeft UIInterfaceOrientationLandscapeRight";
				LD_RUNPATH_SEARCH_PATHS = (
					"$(inherited)",
					"@executable_path/Frameworks",
				);
				MARKETING_VERSION = 1.0;
				PRODUCT_BUNDLE_IDENTIFIER = "chop.Film-Library";
				PRODUCT_NAME = "$(TARGET_NAME)";
				SWIFT_EMIT_LOC_STRINGS = YES;
				SWIFT_VERSION = 5.0;
				TARGETED_DEVICE_FAMILY = "1,2";
			};
			name = Release;
		};
		5FC5D99B27FB6993001CEEE5 /* Debug */ = {
			isa = XCBuildConfiguration;
			buildSettings = {
				ALWAYS_EMBED_SWIFT_STANDARD_LIBRARIES = YES;
				BUNDLE_LOADER = "$(TEST_HOST)";
				CODE_SIGN_STYLE = Automatic;
				CURRENT_PROJECT_VERSION = 1;
				DEVELOPMENT_TEAM = 8JUQRQTM2T;
				GENERATE_INFOPLIST_FILE = YES;
				IPHONEOS_DEPLOYMENT_TARGET = 15.2;
				MARKETING_VERSION = 1.0;
				PRODUCT_BUNDLE_IDENTIFIER = "chop.Film-LibraryTests";
				PRODUCT_NAME = "$(TARGET_NAME)";
				SWIFT_EMIT_LOC_STRINGS = NO;
				SWIFT_VERSION = 5.0;
				TARGETED_DEVICE_FAMILY = "1,2";
				TEST_HOST = "$(BUILT_PRODUCTS_DIR)/Film_Library.app/Film_Library";
			};
			name = Debug;
		};
		5FC5D99C27FB6993001CEEE5 /* Release */ = {
			isa = XCBuildConfiguration;
			buildSettings = {
				ALWAYS_EMBED_SWIFT_STANDARD_LIBRARIES = YES;
				BUNDLE_LOADER = "$(TEST_HOST)";
				CODE_SIGN_STYLE = Automatic;
				CURRENT_PROJECT_VERSION = 1;
				DEVELOPMENT_TEAM = 8JUQRQTM2T;
				GENERATE_INFOPLIST_FILE = YES;
				IPHONEOS_DEPLOYMENT_TARGET = 15.2;
				MARKETING_VERSION = 1.0;
				PRODUCT_BUNDLE_IDENTIFIER = "chop.Film-LibraryTests";
				PRODUCT_NAME = "$(TARGET_NAME)";
				SWIFT_EMIT_LOC_STRINGS = NO;
				SWIFT_VERSION = 5.0;
				TARGETED_DEVICE_FAMILY = "1,2";
				TEST_HOST = "$(BUILT_PRODUCTS_DIR)/Film_Library.app/Film_Library";
			};
			name = Release;
		};
		5FC5D99E27FB6993001CEEE5 /* Debug */ = {
			isa = XCBuildConfiguration;
			buildSettings = {
				ALWAYS_EMBED_SWIFT_STANDARD_LIBRARIES = YES;
				CODE_SIGN_STYLE = Automatic;
				CURRENT_PROJECT_VERSION = 1;
				DEVELOPMENT_TEAM = 8JUQRQTM2T;
				GENERATE_INFOPLIST_FILE = YES;
				MARKETING_VERSION = 1.0;
				PRODUCT_BUNDLE_IDENTIFIER = "chop.Film-LibraryUITests";
				PRODUCT_NAME = "$(TARGET_NAME)";
				SWIFT_EMIT_LOC_STRINGS = NO;
				SWIFT_VERSION = 5.0;
				TARGETED_DEVICE_FAMILY = "1,2";
				TEST_TARGET_NAME = Film_Library;
			};
			name = Debug;
		};
		5FC5D99F27FB6993001CEEE5 /* Release */ = {
			isa = XCBuildConfiguration;
			buildSettings = {
				ALWAYS_EMBED_SWIFT_STANDARD_LIBRARIES = YES;
				CODE_SIGN_STYLE = Automatic;
				CURRENT_PROJECT_VERSION = 1;
				DEVELOPMENT_TEAM = 8JUQRQTM2T;
				GENERATE_INFOPLIST_FILE = YES;
				MARKETING_VERSION = 1.0;
				PRODUCT_BUNDLE_IDENTIFIER = "chop.Film-LibraryUITests";
				PRODUCT_NAME = "$(TARGET_NAME)";
				SWIFT_EMIT_LOC_STRINGS = NO;
				SWIFT_VERSION = 5.0;
				TARGETED_DEVICE_FAMILY = "1,2";
				TEST_TARGET_NAME = Film_Library;
			};
			name = Release;
		};
/* End XCBuildConfiguration section */

/* Begin XCConfigurationList section */
		5FC5D96827FB698F001CEEE5 /* Build configuration list for PBXProject "Film_Library" */ = {
			isa = XCConfigurationList;
			buildConfigurations = (
				5FC5D99527FB6993001CEEE5 /* Debug */,
				5FC5D99627FB6993001CEEE5 /* Release */,
			);
			defaultConfigurationIsVisible = 0;
			defaultConfigurationName = Release;
		};
		5FC5D99727FB6993001CEEE5 /* Build configuration list for PBXNativeTarget "Film_Library" */ = {
			isa = XCConfigurationList;
			buildConfigurations = (
				5FC5D99827FB6993001CEEE5 /* Debug */,
				5FC5D99927FB6993001CEEE5 /* Release */,
			);
			defaultConfigurationIsVisible = 0;
			defaultConfigurationName = Release;
		};
		5FC5D99A27FB6993001CEEE5 /* Build configuration list for PBXNativeTarget "Film_LibraryTests" */ = {
			isa = XCConfigurationList;
			buildConfigurations = (
				5FC5D99B27FB6993001CEEE5 /* Debug */,
				5FC5D99C27FB6993001CEEE5 /* Release */,
			);
			defaultConfigurationIsVisible = 0;
			defaultConfigurationName = Release;
		};
		5FC5D99D27FB6993001CEEE5 /* Build configuration list for PBXNativeTarget "Film_LibraryUITests" */ = {
			isa = XCConfigurationList;
			buildConfigurations = (
				5FC5D99E27FB6993001CEEE5 /* Debug */,
				5FC5D99F27FB6993001CEEE5 /* Release */,
			);
			defaultConfigurationIsVisible = 0;
			defaultConfigurationName = Release;
		};
/* End XCConfigurationList section */
	};
	rootObject = 5FC5D96527FB698F001CEEE5 /* Project object */;
}
